// !$*UTF8*$!
{
	archiveVersion = 1;
	classes = {
	};
	objectVersion = 46;
	objects = {

/* Begin PBXBuildFile section */
		6003F58E195388D20070C39A /* Foundation.framework in Frameworks */ = {isa = PBXBuildFile; fileRef = 6003F58D195388D20070C39A /* Foundation.framework */; };
		6003F590195388D20070C39A /* CoreGraphics.framework in Frameworks */ = {isa = PBXBuildFile; fileRef = 6003F58F195388D20070C39A /* CoreGraphics.framework */; };
		6003F592195388D20070C39A /* UIKit.framework in Frameworks */ = {isa = PBXBuildFile; fileRef = 6003F591195388D20070C39A /* UIKit.framework */; };
		6003F598195388D20070C39A /* InfoPlist.strings in Resources */ = {isa = PBXBuildFile; fileRef = 6003F596195388D20070C39A /* InfoPlist.strings */; };
		6003F59A195388D20070C39A /* main.m in Sources */ = {isa = PBXBuildFile; fileRef = 6003F599195388D20070C39A /* main.m */; };
		6003F59E195388D20070C39A /* DemoAppDelegate.m in Sources */ = {isa = PBXBuildFile; fileRef = 6003F59D195388D20070C39A /* DemoAppDelegate.m */; };
		6003F5A7195388D20070C39A /* DemoVC.m in Sources */ = {isa = PBXBuildFile; fileRef = 6003F5A6195388D20070C39A /* DemoVC.m */; };
		6003F5A9195388D20070C39A /* Images.xcassets in Resources */ = {isa = PBXBuildFile; fileRef = 6003F5A8195388D20070C39A /* Images.xcassets */; };
		71719F9F1E33DC2100824A3D /* LaunchScreen.storyboard in Resources */ = {isa = PBXBuildFile; fileRef = 71719F9D1E33DC2100824A3D /* LaunchScreen.storyboard */; };
		873B8AEB1B1F5CCA007FD442 /* Main.storyboard in Resources */ = {isa = PBXBuildFile; fileRef = 873B8AEA1B1F5CCA007FD442 /* Main.storyboard */; };
		C34232D125CA524D004EB95B /* MRouterConfig.m in Sources */ = {isa = PBXBuildFile; fileRef = C34232CF25CA524D004EB95B /* MRouterConfig.m */; };
		C34232D225CA524D004EB95B /* MRouterUrlPrefix.m in Sources */ = {isa = PBXBuildFile; fileRef = C34232D025CA524D004EB95B /* MRouterUrlPrefix.m */; };
		C34232D725CA5316004EB95B /* MGJRouter.m in Sources */ = {isa = PBXBuildFile; fileRef = C34232D625CA5316004EB95B /* MGJRouter.m */; };
		C342332025CA8114004EB95B /* AcceptDragFileView.m in Sources */ = {isa = PBXBuildFile; fileRef = C342331E25CA8114004EB95B /* AcceptDragFileView.m */; };
		C39B79BC25CE2DAA0023E9AE /* AppKeepFront.m in Sources */ = {isa = PBXBuildFile; fileRef = C39B79BB25CE2DAA0023E9AE /* AppKeepFront.m */; };
		C3B7DAEA25C942460054CCAD /* NSBundle+Tool.m in Sources */ = {isa = PBXBuildFile; fileRef = C3B7DAE225C942460054CCAD /* NSBundle+Tool.m */; };
		C3B7DAEB25C942460054CCAD /* iToast.m in Sources */ = {isa = PBXBuildFile; fileRef = C3B7DAE525C942460054CCAD /* iToast.m */; };
		C3B7DAEC25C942460054CCAD /* NSTask+shell.m in Sources */ = {isa = PBXBuildFile; fileRef = C3B7DAE825C942460054CCAD /* NSTask+shell.m */; };
		C3B7DAF625C951450054CCAD /* NSFont+pSize.m in Sources */ = {isa = PBXBuildFile; fileRef = C3B7DAF525C951450054CCAD /* NSFont+pSize.m */; };
		C3EDE9E725C5103500FAC920 /* AppDelegate.m in Sources */ = {isa = PBXBuildFile; fileRef = C3EDE9E625C5103500FAC920 /* AppDelegate.m */; };
		C3EDE9EC25C5103700FAC920 /* Assets.xcassets in Resources */ = {isa = PBXBuildFile; fileRef = C3EDE9EB25C5103700FAC920 /* Assets.xcassets */; };
		C3EDE9EF25C5103700FAC920 /* Main.storyboard in Resources */ = {isa = PBXBuildFile; fileRef = C3EDE9ED25C5103700FAC920 /* Main.storyboard */; };
		C3EDE9F225C5103700FAC920 /* main.m in Sources */ = {isa = PBXBuildFile; fileRef = C3EDE9F125C5103700FAC920 /* main.m */; };
		C3EDEB2A25C52D4C00FAC920 /* Cocoa.framework in Frameworks */ = {isa = PBXBuildFile; fileRef = C3EDEB2925C52D4C00FAC920 /* Cocoa.framework */; };
		C3EDEBB825C5435D00FAC920 /* RootVC.m in Sources */ = {isa = PBXBuildFile; fileRef = C3EDEBB125C5435C00FAC920 /* RootVC.m */; };
		C3EDEBB925C5435D00FAC920 /* RootVCInteractor.m in Sources */ = {isa = PBXBuildFile; fileRef = C3EDEBB325C5435D00FAC920 /* RootVCInteractor.m */; };
		C3EDEBBA25C5435D00FAC920 /* RootVCPresenter.m in Sources */ = {isa = PBXBuildFile; fileRef = C3EDEBB625C5435D00FAC920 /* RootVCPresenter.m */; };
		C3EDEBDC25C54FAC00FAC920 /* VideoEntity.m in Sources */ = {isa = PBXBuildFile; fileRef = C3EDEBDB25C54FAC00FAC920 /* VideoEntity.m */; };
		C3EDEBF125C5563D00FAC920 /* EditableTextField.m in Sources */ = {isa = PBXBuildFile; fileRef = C3EDEBF025C5563D00FAC920 /* EditableTextField.m */; };
		D0038198248A16C8ABB3D492 /* Pods_PoporVideoTool_Example.framework in Frameworks */ = {isa = PBXBuildFile; fileRef = D844ACF882DB48A8681811E5 /* Pods_PoporVideoTool_Example.framework */; };
		D6CF77C2904BAE62A011A153 /* Pods_PvtMac.framework in Frameworks */ = {isa = PBXBuildFile; fileRef = 3F0F090451604DA0A0687EE8 /* Pods_PvtMac.framework */; };
/* End PBXBuildFile section */

/* Begin PBXFileReference section */
		292FB4A4C29CD4CBC4F6F37C /* PoporVideoTool.podspec */ = {isa = PBXFileReference; includeInIndex = 1; lastKnownFileType = text; name = PoporVideoTool.podspec; path = ../PoporVideoTool.podspec; sourceTree = "<group>"; xcLanguageSpecificationIdentifier = xcode.lang.ruby; };
		37033E94E82CD2378FA899CB /* Pods-PvtMac.debug.xcconfig */ = {isa = PBXFileReference; includeInIndex = 1; lastKnownFileType = text.xcconfig; name = "Pods-PvtMac.debug.xcconfig"; path = "Target Support Files/Pods-PvtMac/Pods-PvtMac.debug.xcconfig"; sourceTree = "<group>"; };
		3F0F090451604DA0A0687EE8 /* Pods_PvtMac.framework */ = {isa = PBXFileReference; explicitFileType = wrapper.framework; includeInIndex = 0; path = Pods_PvtMac.framework; sourceTree = BUILT_PRODUCTS_DIR; };
		4141ADF0230E884D828C0C65 /* Pods-PoporVideoTool_Example.release.xcconfig */ = {isa = PBXFileReference; includeInIndex = 1; lastKnownFileType = text.xcconfig; name = "Pods-PoporVideoTool_Example.release.xcconfig"; path = "Target Support Files/Pods-PoporVideoTool_Example/Pods-PoporVideoTool_Example.release.xcconfig"; sourceTree = "<group>"; };
		6003F58A195388D20070C39A /* PoporVideoTool_Example.app */ = {isa = PBXFileReference; explicitFileType = wrapper.application; includeInIndex = 0; path = PoporVideoTool_Example.app; sourceTree = BUILT_PRODUCTS_DIR; };
		6003F58D195388D20070C39A /* Foundation.framework */ = {isa = PBXFileReference; lastKnownFileType = wrapper.framework; name = Foundation.framework; path = System/Library/Frameworks/Foundation.framework; sourceTree = SDKROOT; };
		6003F58F195388D20070C39A /* CoreGraphics.framework */ = {isa = PBXFileReference; lastKnownFileType = wrapper.framework; name = CoreGraphics.framework; path = System/Library/Frameworks/CoreGraphics.framework; sourceTree = SDKROOT; };
		6003F591195388D20070C39A /* UIKit.framework */ = {isa = PBXFileReference; lastKnownFileType = wrapper.framework; name = UIKit.framework; path = System/Library/Frameworks/UIKit.framework; sourceTree = SDKROOT; };
		6003F595195388D20070C39A /* PoporVideoTool-Info.plist */ = {isa = PBXFileReference; lastKnownFileType = text.plist.xml; path = "PoporVideoTool-Info.plist"; sourceTree = "<group>"; };
		6003F597195388D20070C39A /* en */ = {isa = PBXFileReference; lastKnownFileType = text.plist.strings; name = en; path = en.lproj/InfoPlist.strings; sourceTree = "<group>"; };
		6003F599195388D20070C39A /* main.m */ = {isa = PBXFileReference; lastKnownFileType = sourcecode.c.objc; path = main.m; sourceTree = "<group>"; };
		6003F59B195388D20070C39A /* PoporVideoTool-Prefix.pch */ = {isa = PBXFileReference; lastKnownFileType = sourcecode.c.h; path = "PoporVideoTool-Prefix.pch"; sourceTree = "<group>"; };
		6003F59C195388D20070C39A /* DemoAppDelegate.h */ = {isa = PBXFileReference; lastKnownFileType = sourcecode.c.h; path = DemoAppDelegate.h; sourceTree = "<group>"; };
		6003F59D195388D20070C39A /* DemoAppDelegate.m */ = {isa = PBXFileReference; lastKnownFileType = sourcecode.c.objc; path = DemoAppDelegate.m; sourceTree = "<group>"; };
		6003F5A5195388D20070C39A /* DemoVC.h */ = {isa = PBXFileReference; lastKnownFileType = sourcecode.c.h; path = DemoVC.h; sourceTree = "<group>"; };
		6003F5A6195388D20070C39A /* DemoVC.m */ = {isa = PBXFileReference; lastKnownFileType = sourcecode.c.objc; path = DemoVC.m; sourceTree = "<group>"; };
		6003F5A8195388D20070C39A /* Images.xcassets */ = {isa = PBXFileReference; lastKnownFileType = folder.assetcatalog; path = Images.xcassets; sourceTree = "<group>"; };
		6003F5AF195388D20070C39A /* XCTest.framework */ = {isa = PBXFileReference; lastKnownFileType = wrapper.framework; name = XCTest.framework; path = Library/Frameworks/XCTest.framework; sourceTree = DEVELOPER_DIR; };
		71719F9E1E33DC2100824A3D /* Base */ = {isa = PBXFileReference; lastKnownFileType = file.storyboard; name = Base; path = Base.lproj/LaunchScreen.storyboard; sourceTree = "<group>"; };
		873B8AEA1B1F5CCA007FD442 /* Main.storyboard */ = {isa = PBXFileReference; fileEncoding = 4; lastKnownFileType = file.storyboard; path = Main.storyboard; sourceTree = "<group>"; };
		A92DF0BC48E3127F3D66C522 /* Pods-PoporVideoTool_Example.debug.xcconfig */ = {isa = PBXFileReference; includeInIndex = 1; lastKnownFileType = text.xcconfig; name = "Pods-PoporVideoTool_Example.debug.xcconfig"; path = "Target Support Files/Pods-PoporVideoTool_Example/Pods-PoporVideoTool_Example.debug.xcconfig"; sourceTree = "<group>"; };
		B0FDF8986B256FAC11DAF536 /* Pods-PvtMac.release.xcconfig */ = {isa = PBXFileReference; includeInIndex = 1; lastKnownFileType = text.xcconfig; name = "Pods-PvtMac.release.xcconfig"; path = "Target Support Files/Pods-PvtMac/Pods-PvtMac.release.xcconfig"; sourceTree = "<group>"; };
		C34232CD25CA524D004EB95B /* MRouterConfig.h */ = {isa = PBXFileReference; fileEncoding = 4; lastKnownFileType = sourcecode.c.h; path = MRouterConfig.h; sourceTree = "<group>"; };
		C34232CE25CA524D004EB95B /* MRouterUrlPrefix.h */ = {isa = PBXFileReference; fileEncoding = 4; lastKnownFileType = sourcecode.c.h; path = MRouterUrlPrefix.h; sourceTree = "<group>"; };
		C34232CF25CA524D004EB95B /* MRouterConfig.m */ = {isa = PBXFileReference; fileEncoding = 4; lastKnownFileType = sourcecode.c.objc; path = MRouterConfig.m; sourceTree = "<group>"; };
		C34232D025CA524D004EB95B /* MRouterUrlPrefix.m */ = {isa = PBXFileReference; fileEncoding = 4; lastKnownFileType = sourcecode.c.objc; path = MRouterUrlPrefix.m; sourceTree = "<group>"; };
		C34232D525CA5316004EB95B /* MGJRouter.h */ = {isa = PBXFileReference; fileEncoding = 4; lastKnownFileType = sourcecode.c.h; path = MGJRouter.h; sourceTree = "<group>"; };
		C34232D625CA5316004EB95B /* MGJRouter.m */ = {isa = PBXFileReference; fileEncoding = 4; lastKnownFileType = sourcecode.c.objc; path = MGJRouter.m; sourceTree = "<group>"; };
		C34232DA25CA533F004EB95B /* app-prefix.h */ = {isa = PBXFileReference; lastKnownFileType = sourcecode.c.h; path = "app-prefix.h"; sourceTree = "<group>"; };
		C342331E25CA8114004EB95B /* AcceptDragFileView.m */ = {isa = PBXFileReference; fileEncoding = 4; lastKnownFileType = sourcecode.c.objc; path = AcceptDragFileView.m; sourceTree = "<group>"; };
		C342331F25CA8114004EB95B /* AcceptDragFileView.h */ = {isa = PBXFileReference; fileEncoding = 4; lastKnownFileType = sourcecode.c.h; path = AcceptDragFileView.h; sourceTree = "<group>"; };
		C39B79BA25CE2DAA0023E9AE /* AppKeepFront.h */ = {isa = PBXFileReference; lastKnownFileType = sourcecode.c.h; path = AppKeepFront.h; sourceTree = "<group>"; };
		C39B79BB25CE2DAA0023E9AE /* AppKeepFront.m */ = {isa = PBXFileReference; lastKnownFileType = sourcecode.c.objc; path = AppKeepFront.m; sourceTree = "<group>"; };
		C3B7DAE125C942460054CCAD /* NSBundle+Tool.h */ = {isa = PBXFileReference; fileEncoding = 4; lastKnownFileType = sourcecode.c.h; path = "NSBundle+Tool.h"; sourceTree = "<group>"; };
		C3B7DAE225C942460054CCAD /* NSBundle+Tool.m */ = {isa = PBXFileReference; fileEncoding = 4; lastKnownFileType = sourcecode.c.objc; path = "NSBundle+Tool.m"; sourceTree = "<group>"; };
		C3B7DAE425C942460054CCAD /* iToast.h */ = {isa = PBXFileReference; fileEncoding = 4; lastKnownFileType = sourcecode.c.h; path = iToast.h; sourceTree = "<group>"; };
		C3B7DAE525C942460054CCAD /* iToast.m */ = {isa = PBXFileReference; fileEncoding = 4; lastKnownFileType = sourcecode.c.objc; path = iToast.m; sourceTree = "<group>"; };
		C3B7DAE725C942460054CCAD /* NSTask+shell.h */ = {isa = PBXFileReference; fileEncoding = 4; lastKnownFileType = sourcecode.c.h; path = "NSTask+shell.h"; sourceTree = "<group>"; };
		C3B7DAE825C942460054CCAD /* NSTask+shell.m */ = {isa = PBXFileReference; fileEncoding = 4; lastKnownFileType = sourcecode.c.objc; path = "NSTask+shell.m"; sourceTree = "<group>"; };
		C3B7DAE925C942460054CCAD /* NSView_prefix.h */ = {isa = PBXFileReference; fileEncoding = 4; lastKnownFileType = sourcecode.c.h; path = NSView_prefix.h; sourceTree = "<group>"; };
		C3B7DAF425C951450054CCAD /* NSFont+pSize.h */ = {isa = PBXFileReference; lastKnownFileType = sourcecode.c.h; path = "NSFont+pSize.h"; sourceTree = "<group>"; };
		C3B7DAF525C951450054CCAD /* NSFont+pSize.m */ = {isa = PBXFileReference; lastKnownFileType = sourcecode.c.objc; path = "NSFont+pSize.m"; sourceTree = "<group>"; };
		C3B7DAFB25C951510054CCAD /* PoporNS.h */ = {isa = PBXFileReference; lastKnownFileType = sourcecode.c.h; name = PoporNS.h; path = Font/PoporNS.h; sourceTree = "<group>"; };
		C3EDE95325C50E8400FAC920 /* PoporVideoTool_Example copy-Info.plist */ = {isa = PBXFileReference; lastKnownFileType = text.plist.xml; name = "PoporVideoTool_Example copy-Info.plist"; path = "/Users/popor/Documents/wkq/GitHubSDK/PoporVideoTool/Example/PoporVideoTool_Example copy-Info.plist"; sourceTree = "<absolute>"; };
		C3EDE9E325C5103500FAC920 /* PvtMac.app */ = {isa = PBXFileReference; explicitFileType = wrapper.application; includeInIndex = 0; path = PvtMac.app; sourceTree = BUILT_PRODUCTS_DIR; };
		C3EDE9E525C5103500FAC920 /* AppDelegate.h */ = {isa = PBXFileReference; lastKnownFileType = sourcecode.c.h; path = AppDelegate.h; sourceTree = "<group>"; };
		C3EDE9E625C5103500FAC920 /* AppDelegate.m */ = {isa = PBXFileReference; lastKnownFileType = sourcecode.c.objc; path = AppDelegate.m; sourceTree = "<group>"; };
		C3EDE9EB25C5103700FAC920 /* Assets.xcassets */ = {isa = PBXFileReference; lastKnownFileType = folder.assetcatalog; path = Assets.xcassets; sourceTree = "<group>"; };
		C3EDE9EE25C5103700FAC920 /* Base */ = {isa = PBXFileReference; lastKnownFileType = file.storyboard; name = Base; path = Base.lproj/Main.storyboard; sourceTree = "<group>"; };
		C3EDE9F025C5103700FAC920 /* Info.plist */ = {isa = PBXFileReference; lastKnownFileType = text.plist.xml; path = Info.plist; sourceTree = "<group>"; };
		C3EDE9F125C5103700FAC920 /* main.m */ = {isa = PBXFileReference; lastKnownFileType = sourcecode.c.objc; path = main.m; sourceTree = "<group>"; };
		C3EDE9F325C5103700FAC920 /* PvtMac.entitlements */ = {isa = PBXFileReference; lastKnownFileType = text.plist.entitlements; path = PvtMac.entitlements; sourceTree = "<group>"; };
		C3EDE9FC25C5103700FAC920 /* PvtMacTests.m */ = {isa = PBXFileReference; lastKnownFileType = sourcecode.c.objc; path = PvtMacTests.m; sourceTree = "<group>"; };
		C3EDE9FE25C5103700FAC920 /* Info.plist */ = {isa = PBXFileReference; lastKnownFileType = text.plist.xml; path = Info.plist; sourceTree = "<group>"; };
		C3EDEA0725C5103700FAC920 /* PvtMacUITests.m */ = {isa = PBXFileReference; lastKnownFileType = sourcecode.c.objc; path = PvtMacUITests.m; sourceTree = "<group>"; };
		C3EDEA0925C5103700FAC920 /* Info.plist */ = {isa = PBXFileReference; lastKnownFileType = text.plist.xml; path = Info.plist; sourceTree = "<group>"; };
		C3EDEB2925C52D4C00FAC920 /* Cocoa.framework */ = {isa = PBXFileReference; lastKnownFileType = wrapper.framework; name = Cocoa.framework; path = Platforms/MacOSX.platform/Developer/SDKs/MacOSX11.1.sdk/System/Library/Frameworks/Cocoa.framework; sourceTree = DEVELOPER_DIR; };
		C3EDEBAF25C5435C00FAC920 /* RootVC.h */ = {isa = PBXFileReference; fileEncoding = 4; lastKnownFileType = sourcecode.c.h; path = RootVC.h; sourceTree = "<group>"; };
		C3EDEBB025C5435C00FAC920 /* RootVCProtocol.h */ = {isa = PBXFileReference; fileEncoding = 4; lastKnownFileType = sourcecode.c.h; path = RootVCProtocol.h; sourceTree = "<group>"; };
		C3EDEBB125C5435C00FAC920 /* RootVC.m */ = {isa = PBXFileReference; fileEncoding = 4; lastKnownFileType = sourcecode.c.objc; path = RootVC.m; sourceTree = "<group>"; };
		C3EDEBB325C5435D00FAC920 /* RootVCInteractor.m */ = {isa = PBXFileReference; fileEncoding = 4; lastKnownFileType = sourcecode.c.objc; path = RootVCInteractor.m; sourceTree = "<group>"; };
		C3EDEBB425C5435D00FAC920 /* RootVCInteractor.h */ = {isa = PBXFileReference; fileEncoding = 4; lastKnownFileType = sourcecode.c.h; path = RootVCInteractor.h; sourceTree = "<group>"; };
		C3EDEBB625C5435D00FAC920 /* RootVCPresenter.m */ = {isa = PBXFileReference; fileEncoding = 4; lastKnownFileType = sourcecode.c.objc; path = RootVCPresenter.m; sourceTree = "<group>"; };
		C3EDEBB725C5435D00FAC920 /* RootVCPresenter.h */ = {isa = PBXFileReference; fileEncoding = 4; lastKnownFileType = sourcecode.c.h; path = RootVCPresenter.h; sourceTree = "<group>"; };
		C3EDEBDA25C54FAC00FAC920 /* VideoEntity.h */ = {isa = PBXFileReference; lastKnownFileType = sourcecode.c.h; path = VideoEntity.h; sourceTree = "<group>"; };
		C3EDEBDB25C54FAC00FAC920 /* VideoEntity.m */ = {isa = PBXFileReference; lastKnownFileType = sourcecode.c.objc; path = VideoEntity.m; sourceTree = "<group>"; };
		C3EDEBEF25C5563D00FAC920 /* EditableTextField.h */ = {isa = PBXFileReference; fileEncoding = 4; lastKnownFileType = sourcecode.c.h; path = EditableTextField.h; sourceTree = "<group>"; };
		C3EDEBF025C5563D00FAC920 /* EditableTextField.m */ = {isa = PBXFileReference; fileEncoding = 4; lastKnownFileType = sourcecode.c.objc; path = EditableTextField.m; sourceTree = "<group>"; };
		C45BC77D7EC6348A1181570E /* Pods_PoporVideoTool_Tests.framework */ = {isa = PBXFileReference; explicitFileType = wrapper.framework; includeInIndex = 0; path = Pods_PoporVideoTool_Tests.framework; sourceTree = BUILT_PRODUCTS_DIR; };
		CC97124649555F86E472ABA9 /* README.md */ = {isa = PBXFileReference; includeInIndex = 1; lastKnownFileType = net.daringfireball.markdown; name = README.md; path = ../README.md; sourceTree = "<group>"; };
		D844ACF882DB48A8681811E5 /* Pods_PoporVideoTool_Example.framework */ = {isa = PBXFileReference; explicitFileType = wrapper.framework; includeInIndex = 0; path = Pods_PoporVideoTool_Example.framework; sourceTree = BUILT_PRODUCTS_DIR; };
		E6676773D754BE804015FF2F /* LICENSE */ = {isa = PBXFileReference; includeInIndex = 1; lastKnownFileType = text; name = LICENSE; path = ../LICENSE; sourceTree = "<group>"; };
/* End PBXFileReference section */

/* Begin PBXFrameworksBuildPhase section */
		6003F587195388D20070C39A /* Frameworks */ = {
			isa = PBXFrameworksBuildPhase;
			buildActionMask = 2147483647;
			files = (
				6003F590195388D20070C39A /* CoreGraphics.framework in Frameworks */,
				6003F592195388D20070C39A /* UIKit.framework in Frameworks */,
				6003F58E195388D20070C39A /* Foundation.framework in Frameworks */,
				D0038198248A16C8ABB3D492 /* Pods_PoporVideoTool_Example.framework in Frameworks */,
			);
			runOnlyForDeploymentPostprocessing = 0;
		};
		C3EDE9E025C5103500FAC920 /* Frameworks */ = {
			isa = PBXFrameworksBuildPhase;
			buildActionMask = 2147483647;
			files = (
				C3EDEB2A25C52D4C00FAC920 /* Cocoa.framework in Frameworks */,
				D6CF77C2904BAE62A011A153 /* Pods_PvtMac.framework in Frameworks */,
			);
			runOnlyForDeploymentPostprocessing = 0;
		};
/* End PBXFrameworksBuildPhase section */

/* Begin PBXGroup section */
		6003F581195388D10070C39A = {
			isa = PBXGroup;
			children = (
				60FF7A9C1954A5C5007DD14C /* Podspec Metadata */,
				6003F593195388D20070C39A /* Example for PoporVideoTool */,
				C3EDE9E425C5103500FAC920 /* PvtMac */,
				C3EDE9FB25C5103700FAC920 /* PvtMacTests */,
				C3EDEA0625C5103700FAC920 /* PvtMacUITests */,
				6003F58C195388D20070C39A /* Frameworks */,
				6003F58B195388D20070C39A /* Products */,
				EC77164716E7E53F1710B87C /* Pods */,
				C3EDE95325C50E8400FAC920 /* PoporVideoTool_Example copy-Info.plist */,
			);
			sourceTree = "<group>";
		};
		6003F58B195388D20070C39A /* Products */ = {
			isa = PBXGroup;
			children = (
				6003F58A195388D20070C39A /* PoporVideoTool_Example.app */,
				C3EDE9E325C5103500FAC920 /* PvtMac.app */,
			);
			name = Products;
			sourceTree = "<group>";
		};
		6003F58C195388D20070C39A /* Frameworks */ = {
			isa = PBXGroup;
			children = (
				C3EDEB2925C52D4C00FAC920 /* Cocoa.framework */,
				6003F58D195388D20070C39A /* Foundation.framework */,
				6003F58F195388D20070C39A /* CoreGraphics.framework */,
				6003F591195388D20070C39A /* UIKit.framework */,
				6003F5AF195388D20070C39A /* XCTest.framework */,
				D844ACF882DB48A8681811E5 /* Pods_PoporVideoTool_Example.framework */,
				C45BC77D7EC6348A1181570E /* Pods_PoporVideoTool_Tests.framework */,
				3F0F090451604DA0A0687EE8 /* Pods_PvtMac.framework */,
			);
			name = Frameworks;
			sourceTree = "<group>";
		};
		6003F593195388D20070C39A /* Example for PoporVideoTool */ = {
			isa = PBXGroup;
			children = (
				C3A7C4B625C295730037F399 /* other */,
				6003F59C195388D20070C39A /* DemoAppDelegate.h */,
				6003F59D195388D20070C39A /* DemoAppDelegate.m */,
				6003F5A5195388D20070C39A /* DemoVC.h */,
				6003F5A6195388D20070C39A /* DemoVC.m */,
			);
			name = "Example for PoporVideoTool";
			path = PoporVideoTool;
			sourceTree = "<group>";
		};
		6003F594195388D20070C39A /* Supporting Files */ = {
			isa = PBXGroup;
			children = (
				6003F595195388D20070C39A /* PoporVideoTool-Info.plist */,
				6003F596195388D20070C39A /* InfoPlist.strings */,
				6003F599195388D20070C39A /* main.m */,
				6003F59B195388D20070C39A /* PoporVideoTool-Prefix.pch */,
			);
			name = "Supporting Files";
			sourceTree = "<group>";
		};
		60FF7A9C1954A5C5007DD14C /* Podspec Metadata */ = {
			isa = PBXGroup;
			children = (
				292FB4A4C29CD4CBC4F6F37C /* PoporVideoTool.podspec */,
				CC97124649555F86E472ABA9 /* README.md */,
				E6676773D754BE804015FF2F /* LICENSE */,
			);
			name = "Podspec Metadata";
			sourceTree = "<group>";
		};
		C34232CB25CA524D004EB95B /* AppConfig */ = {
			isa = PBXGroup;
			children = (
				C34232CC25CA524D004EB95B /* MGJRouter */,
			);
			path = AppConfig;
			sourceTree = "<group>";
		};
		C34232CC25CA524D004EB95B /* MGJRouter */ = {
			isa = PBXGroup;
			children = (
				C34232D525CA5316004EB95B /* MGJRouter.h */,
				C34232D625CA5316004EB95B /* MGJRouter.m */,
				C34232CD25CA524D004EB95B /* MRouterConfig.h */,
				C34232CF25CA524D004EB95B /* MRouterConfig.m */,
				C34232CE25CA524D004EB95B /* MRouterUrlPrefix.h */,
				C34232D025CA524D004EB95B /* MRouterUrlPrefix.m */,
			);
			path = MGJRouter;
			sourceTree = "<group>";
		};
		C342331D25CA8114004EB95B /* AcceptDragFileView */ = {
			isa = PBXGroup;
			children = (
				C342331F25CA8114004EB95B /* AcceptDragFileView.h */,
				C342331E25CA8114004EB95B /* AcceptDragFileView.m */,
			);
			path = AcceptDragFileView;
			sourceTree = "<group>";
		};
		C39B79B925CE2D7B0023E9AE /* AppKeepFront */ = {
			isa = PBXGroup;
			children = (
				C39B79BA25CE2DAA0023E9AE /* AppKeepFront.h */,
				C39B79BB25CE2DAA0023E9AE /* AppKeepFront.m */,
			);
			path = AppKeepFront;
			sourceTree = "<group>";
		};
		C3A7C4B625C295730037F399 /* other */ = {
			isa = PBXGroup;
			children = (
				873B8AEA1B1F5CCA007FD442 /* Main.storyboard */,
				71719F9D1E33DC2100824A3D /* LaunchScreen.storyboard */,
				6003F5A8195388D20070C39A /* Images.xcassets */,
				6003F594195388D20070C39A /* Supporting Files */,
			);
			name = other;
			sourceTree = "<group>";
		};
		C3B7DA5C25C922B80054CCAD /* app */ = {
			isa = PBXGroup;
			children = (
				C3EDE9E525C5103500FAC920 /* AppDelegate.h */,
				C3EDE9E625C5103500FAC920 /* AppDelegate.m */,
			);
			path = app;
			sourceTree = "<group>";
		};
		C3B7DADE25C942460054CCAD /* public */ = {
			isa = PBXGroup;
			children = (
				C342331D25CA8114004EB95B /* AcceptDragFileView */,
				C3B7DAF225C951010054CCAD /* PoporNS */,
				C3B7DADF25C942460054CCAD /* NSView */,
			);
			path = public;
			sourceTree = "<group>";
		};
		C3B7DADF25C942460054CCAD /* NSView */ = {
			isa = PBXGroup;
			children = (
				C3B7DAE925C942460054CCAD /* NSView_prefix.h */,
				C39B79B925CE2D7B0023E9AE /* AppKeepFront */,
				C3B7DAE025C942460054CCAD /* NSBundle */,
				C3B7DAE325C942460054CCAD /* iToast */,
				C3B7DAE625C942460054CCAD /* NSTask_shell */,
			);
			path = NSView;
			sourceTree = "<group>";
		};
		C3B7DAE025C942460054CCAD /* NSBundle */ = {
			isa = PBXGroup;
			children = (
				C3B7DAE125C942460054CCAD /* NSBundle+Tool.h */,
				C3B7DAE225C942460054CCAD /* NSBundle+Tool.m */,
			);
			path = NSBundle;
			sourceTree = "<group>";
		};
		C3B7DAE325C942460054CCAD /* iToast */ = {
			isa = PBXGroup;
			children = (
				C3B7DAE425C942460054CCAD /* iToast.h */,
				C3B7DAE525C942460054CCAD /* iToast.m */,
			);
			path = iToast;
			sourceTree = "<group>";
		};
		C3B7DAE625C942460054CCAD /* NSTask_shell */ = {
			isa = PBXGroup;
			children = (
				C3B7DAE725C942460054CCAD /* NSTask+shell.h */,
				C3B7DAE825C942460054CCAD /* NSTask+shell.m */,
			);
			path = NSTask_shell;
			sourceTree = "<group>";
		};
		C3B7DAF225C951010054CCAD /* PoporNS */ = {
			isa = PBXGroup;
			children = (
				C3B7DAFB25C951510054CCAD /* PoporNS.h */,
				C3B7DAF325C951250054CCAD /* Font */,
			);
			path = PoporNS;
			sourceTree = "<group>";
		};
		C3B7DAF325C951250054CCAD /* Font */ = {
			isa = PBXGroup;
			children = (
				C3B7DAF425C951450054CCAD /* NSFont+pSize.h */,
				C3B7DAF525C951450054CCAD /* NSFont+pSize.m */,
			);
			path = Font;
			sourceTree = "<group>";
		};
		C3EDE9E425C5103500FAC920 /* PvtMac */ = {
			isa = PBXGroup;
			children = (
				C3EDEA1725C5107C00FAC920 /* other */,
				C34232CB25CA524D004EB95B /* AppConfig */,
				C3B7DADE25C942460054CCAD /* public */,
				C3EDE9ED25C5103700FAC920 /* Main.storyboard */,
				C3B7DA5C25C922B80054CCAD /* app */,
				C3EDEBA325C5433400FAC920 /* RootVC */,
			);
			path = PvtMac;
			sourceTree = "<group>";
		};
		C3EDE9FB25C5103700FAC920 /* PvtMacTests */ = {
			isa = PBXGroup;
			children = (
				C3EDE9FC25C5103700FAC920 /* PvtMacTests.m */,
				C3EDE9FE25C5103700FAC920 /* Info.plist */,
			);
			path = PvtMacTests;
			sourceTree = "<group>";
		};
		C3EDEA0625C5103700FAC920 /* PvtMacUITests */ = {
			isa = PBXGroup;
			children = (
				C3EDEA0725C5103700FAC920 /* PvtMacUITests.m */,
				C3EDEA0925C5103700FAC920 /* Info.plist */,
			);
			path = PvtMacUITests;
			sourceTree = "<group>";
		};
		C3EDEA1725C5107C00FAC920 /* other */ = {
			isa = PBXGroup;
			children = (
				C3EDE9EB25C5103700FAC920 /* Assets.xcassets */,
				C3EDE9F025C5103700FAC920 /* Info.plist */,
				C3EDE9F125C5103700FAC920 /* main.m */,
				C3EDE9F325C5103700FAC920 /* PvtMac.entitlements */,
				C34232DA25CA533F004EB95B /* app-prefix.h */,
			);
			name = other;
			sourceTree = "<group>";
		};
		C3EDEBA325C5433400FAC920 /* RootVC */ = {
			isa = PBXGroup;
			children = (
				C3EDEBEE25C5562F00FAC920 /* cell */,
				C3EDEBD925C54F9800FAC920 /* entity */,
				C3EDEBAE25C5435C00FAC920 /* View */,
				C3EDEBB525C5435D00FAC920 /* Presenter */,
				C3EDEBB225C5435D00FAC920 /* Interactor */,
			);
			path = RootVC;
			sourceTree = "<group>";
		};
		C3EDEBAE25C5435C00FAC920 /* View */ = {
			isa = PBXGroup;
			children = (
				C3EDEBAF25C5435C00FAC920 /* RootVC.h */,
				C3EDEBB125C5435C00FAC920 /* RootVC.m */,
				C3EDEBB025C5435C00FAC920 /* RootVCProtocol.h */,
			);
			path = View;
			sourceTree = "<group>";
		};
		C3EDEBB225C5435D00FAC920 /* Interactor */ = {
			isa = PBXGroup;
			children = (
				C3EDEBB425C5435D00FAC920 /* RootVCInteractor.h */,
				C3EDEBB325C5435D00FAC920 /* RootVCInteractor.m */,
			);
			path = Interactor;
			sourceTree = "<group>";
		};
		C3EDEBB525C5435D00FAC920 /* Presenter */ = {
			isa = PBXGroup;
			children = (
				C3EDEBB725C5435D00FAC920 /* RootVCPresenter.h */,
				C3EDEBB625C5435D00FAC920 /* RootVCPresenter.m */,
			);
			path = Presenter;
			sourceTree = "<group>";
		};
		C3EDEBD925C54F9800FAC920 /* entity */ = {
			isa = PBXGroup;
			children = (
				C3EDEBDA25C54FAC00FAC920 /* VideoEntity.h */,
				C3EDEBDB25C54FAC00FAC920 /* VideoEntity.m */,
			);
			path = entity;
			sourceTree = "<group>";
		};
		C3EDEBEE25C5562F00FAC920 /* cell */ = {
			isa = PBXGroup;
			children = (
				C3EDEBEF25C5563D00FAC920 /* EditableTextField.h */,
				C3EDEBF025C5563D00FAC920 /* EditableTextField.m */,
			);
			path = cell;
			sourceTree = "<group>";
		};
		EC77164716E7E53F1710B87C /* Pods */ = {
			isa = PBXGroup;
			children = (
				A92DF0BC48E3127F3D66C522 /* Pods-PoporVideoTool_Example.debug.xcconfig */,
				4141ADF0230E884D828C0C65 /* Pods-PoporVideoTool_Example.release.xcconfig */,
				37033E94E82CD2378FA899CB /* Pods-PvtMac.debug.xcconfig */,
				B0FDF8986B256FAC11DAF536 /* Pods-PvtMac.release.xcconfig */,
			);
			path = Pods;
			sourceTree = "<group>";
		};
/* End PBXGroup section */

/* Begin PBXNativeTarget section */
		6003F589195388D20070C39A /* PoporVideoTool_Example */ = {
			isa = PBXNativeTarget;
			buildConfigurationList = 6003F5BF195388D20070C39A /* Build configuration list for PBXNativeTarget "PoporVideoTool_Example" */;
			buildPhases = (
				51A6B3BFA52113504428AA77 /* [CP] Check Pods Manifest.lock */,
				6003F586195388D20070C39A /* Sources */,
				6003F587195388D20070C39A /* Frameworks */,
				6003F588195388D20070C39A /* Resources */,
				9989EB31018D99FBDBE12042 /* [CP] Embed Pods Frameworks */,
			);
			buildRules = (
			);
			dependencies = (
			);
			name = PoporVideoTool_Example;
			productName = PoporVideoTool;
			productReference = 6003F58A195388D20070C39A /* PoporVideoTool_Example.app */;
			productType = "com.apple.product-type.application";
		};
		C3EDE9E225C5103500FAC920 /* PvtMac */ = {
			isa = PBXNativeTarget;
			buildConfigurationList = C3EDEA0A25C5103700FAC920 /* Build configuration list for PBXNativeTarget "PvtMac" */;
			buildPhases = (
				D4F504453C63DA74838898A8 /* [CP] Check Pods Manifest.lock */,
				C3EDE9DF25C5103500FAC920 /* Sources */,
				C3EDE9E025C5103500FAC920 /* Frameworks */,
				C3EDE9E125C5103500FAC920 /* Resources */,
				E42761872C1F400E3624BC59 /* [CP] Embed Pods Frameworks */,
			);
			buildRules = (
			);
			dependencies = (
			);
			name = PvtMac;
			productName = PvtMac;
			productReference = C3EDE9E325C5103500FAC920 /* PvtMac.app */;
			productType = "com.apple.product-type.application";
		};
/* End PBXNativeTarget section */

/* Begin PBXProject section */
		6003F582195388D10070C39A /* Project object */ = {
			isa = PBXProject;
			attributes = {
				CLASSPREFIX = DEMO;
				LastUpgradeCheck = 0720;
				ORGANIZATIONNAME = popor;
				TargetAttributes = {
					6003F589195388D20070C39A = {
						DevelopmentTeam = 7DUQZP3WD7;
					};
					C3EDE9E225C5103500FAC920 = {
						CreatedOnToolsVersion = 12.4;
						DevelopmentTeam = 5TP98E5R7H;
						ProvisioningStyle = Automatic;
					};
				};
			};
			buildConfigurationList = 6003F585195388D10070C39A /* Build configuration list for PBXProject "PoporVideoTool" */;
			compatibilityVersion = "Xcode 3.2";
			developmentRegion = English;
			hasScannedForEncodings = 0;
			knownRegions = (
				English,
				en,
				Base,
			);
			mainGroup = 6003F581195388D10070C39A;
			productRefGroup = 6003F58B195388D20070C39A /* Products */;
			projectDirPath = "";
			projectRoot = "";
			targets = (
				6003F589195388D20070C39A /* PoporVideoTool_Example */,
				C3EDE9E225C5103500FAC920 /* PvtMac */,
			);
		};
/* End PBXProject section */

/* Begin PBXResourcesBuildPhase section */
		6003F588195388D20070C39A /* Resources */ = {
			isa = PBXResourcesBuildPhase;
			buildActionMask = 2147483647;
			files = (
				873B8AEB1B1F5CCA007FD442 /* Main.storyboard in Resources */,
				71719F9F1E33DC2100824A3D /* LaunchScreen.storyboard in Resources */,
				6003F5A9195388D20070C39A /* Images.xcassets in Resources */,
				6003F598195388D20070C39A /* InfoPlist.strings in Resources */,
			);
			runOnlyForDeploymentPostprocessing = 0;
		};
		C3EDE9E125C5103500FAC920 /* Resources */ = {
			isa = PBXResourcesBuildPhase;
			buildActionMask = 2147483647;
			files = (
				C3EDE9EC25C5103700FAC920 /* Assets.xcassets in Resources */,
				C3EDE9EF25C5103700FAC920 /* Main.storyboard in Resources */,
			);
			runOnlyForDeploymentPostprocessing = 0;
		};
/* End PBXResourcesBuildPhase section */

/* Begin PBXShellScriptBuildPhase section */
		51A6B3BFA52113504428AA77 /* [CP] Check Pods Manifest.lock */ = {
			isa = PBXShellScriptBuildPhase;
			buildActionMask = 2147483647;
			files = (
			);
			inputFileListPaths = (
			);
			inputPaths = (
				"${PODS_PODFILE_DIR_PATH}/Podfile.lock",
				"${PODS_ROOT}/Manifest.lock",
			);
			name = "[CP] Check Pods Manifest.lock";
			outputFileListPaths = (
			);
			outputPaths = (
				"$(DERIVED_FILE_DIR)/Pods-PoporVideoTool_Example-checkManifestLockResult.txt",
			);
			runOnlyForDeploymentPostprocessing = 0;
			shellPath = /bin/sh;
			shellScript = "diff \"${PODS_PODFILE_DIR_PATH}/Podfile.lock\" \"${PODS_ROOT}/Manifest.lock\" > /dev/null\nif [ $? != 0 ] ; then\n    # print error to STDERR\n    echo \"error: The sandbox is not in sync with the Podfile.lock. Run 'pod install' or update your CocoaPods installation.\" >&2\n    exit 1\nfi\n# This output is used by Xcode 'outputs' to avoid re-running this script phase.\necho \"SUCCESS\" > \"${SCRIPT_OUTPUT_FILE_0}\"\n";
			showEnvVarsInLog = 0;
		};
		9989EB31018D99FBDBE12042 /* [CP] Embed Pods Frameworks */ = {
			isa = PBXShellScriptBuildPhase;
			buildActionMask = 2147483647;
			files = (
			);
			inputPaths = (
				"${PODS_ROOT}/Target Support Files/Pods-PoporVideoTool_Example/Pods-PoporVideoTool_Example-frameworks.sh",
				"${BUILT_PRODUCTS_DIR}/KVOController/KVOController.framework",
				"${BUILT_PRODUCTS_DIR}/MBProgressHUD/MBProgressHUD.framework",
				"${BUILT_PRODUCTS_DIR}/Masonry-iOS/Masonry.framework",
				"${BUILT_PRODUCTS_DIR}/PoporAVPlayer/PoporAVPlayer.framework",
				"${BUILT_PRODUCTS_DIR}/PoporFoundation-iOS/PoporFoundation.framework",
				"${BUILT_PRODUCTS_DIR}/PoporImageBrower/PoporImageBrower.framework",
				"${BUILT_PRODUCTS_DIR}/PoporMedia/PoporMedia.framework",
				"${BUILT_PRODUCTS_DIR}/PoporOrientation/PoporOrientation.framework",
				"${BUILT_PRODUCTS_DIR}/PoporUI/PoporUI.framework",
				"${BUILT_PRODUCTS_DIR}/PoporVideoTool-iOS/PoporVideoTool.framework",
				"${BUILT_PRODUCTS_DIR}/ReactiveObjC-iOS/ReactiveObjC.framework",
				"${BUILT_PRODUCTS_DIR}/SDWebImage/SDWebImage.framework",
				"${BUILT_PRODUCTS_DIR}/SKFCamera/SKFCamera.framework",
				"${BUILT_PRODUCTS_DIR}/TZImagePickerController/TZImagePickerController.framework",
			);
			name = "[CP] Embed Pods Frameworks";
			outputPaths = (
				"${TARGET_BUILD_DIR}/${FRAMEWORKS_FOLDER_PATH}/KVOController.framework",
				"${TARGET_BUILD_DIR}/${FRAMEWORKS_FOLDER_PATH}/MBProgressHUD.framework",
				"${TARGET_BUILD_DIR}/${FRAMEWORKS_FOLDER_PATH}/Masonry.framework",
				"${TARGET_BUILD_DIR}/${FRAMEWORKS_FOLDER_PATH}/PoporAVPlayer.framework",
				"${TARGET_BUILD_DIR}/${FRAMEWORKS_FOLDER_PATH}/PoporFoundation.framework",
				"${TARGET_BUILD_DIR}/${FRAMEWORKS_FOLDER_PATH}/PoporImageBrower.framework",
				"${TARGET_BUILD_DIR}/${FRAMEWORKS_FOLDER_PATH}/PoporMedia.framework",
				"${TARGET_BUILD_DIR}/${FRAMEWORKS_FOLDER_PATH}/PoporOrientation.framework",
				"${TARGET_BUILD_DIR}/${FRAMEWORKS_FOLDER_PATH}/PoporUI.framework",
				"${TARGET_BUILD_DIR}/${FRAMEWORKS_FOLDER_PATH}/PoporVideoTool.framework",
				"${TARGET_BUILD_DIR}/${FRAMEWORKS_FOLDER_PATH}/ReactiveObjC.framework",
				"${TARGET_BUILD_DIR}/${FRAMEWORKS_FOLDER_PATH}/SDWebImage.framework",
				"${TARGET_BUILD_DIR}/${FRAMEWORKS_FOLDER_PATH}/SKFCamera.framework",
				"${TARGET_BUILD_DIR}/${FRAMEWORKS_FOLDER_PATH}/TZImagePickerController.framework",
			);
			runOnlyForDeploymentPostprocessing = 0;
			shellPath = /bin/sh;
			shellScript = "\"${PODS_ROOT}/Target Support Files/Pods-PoporVideoTool_Example/Pods-PoporVideoTool_Example-frameworks.sh\"\n";
			showEnvVarsInLog = 0;
		};
		D4F504453C63DA74838898A8 /* [CP] Check Pods Manifest.lock */ = {
			isa = PBXShellScriptBuildPhase;
			buildActionMask = 2147483647;
			files = (
			);
			inputFileListPaths = (
			);
			inputPaths = (
				"${PODS_PODFILE_DIR_PATH}/Podfile.lock",
				"${PODS_ROOT}/Manifest.lock",
			);
			name = "[CP] Check Pods Manifest.lock";
			outputFileListPaths = (
			);
			outputPaths = (
				"$(DERIVED_FILE_DIR)/Pods-PvtMac-checkManifestLockResult.txt",
			);
			runOnlyForDeploymentPostprocessing = 0;
			shellPath = /bin/sh;
			shellScript = "diff \"${PODS_PODFILE_DIR_PATH}/Podfile.lock\" \"${PODS_ROOT}/Manifest.lock\" > /dev/null\nif [ $? != 0 ] ; then\n    # print error to STDERR\n    echo \"error: The sandbox is not in sync with the Podfile.lock. Run 'pod install' or update your CocoaPods installation.\" >&2\n    exit 1\nfi\n# This output is used by Xcode 'outputs' to avoid re-running this script phase.\necho \"SUCCESS\" > \"${SCRIPT_OUTPUT_FILE_0}\"\n";
			showEnvVarsInLog = 0;
		};
		E42761872C1F400E3624BC59 /* [CP] Embed Pods Frameworks */ = {
			isa = PBXShellScriptBuildPhase;
			buildActionMask = 2147483647;
			files = (
			);
			inputPaths = (
				"${PODS_ROOT}/Target Support Files/Pods-PvtMac/Pods-PvtMac-frameworks.sh",
				"${BUILT_PRODUCTS_DIR}/Masonry-macOS/Masonry.framework",
				"${BUILT_PRODUCTS_DIR}/PoporFoundation-macOS/PoporFoundation.framework",
				"${BUILT_PRODUCTS_DIR}/PoporVideoTool-macOS/PoporVideoTool.framework",
				"${BUILT_PRODUCTS_DIR}/ReactiveObjC-macOS/ReactiveObjC.framework",
			);
			name = "[CP] Embed Pods Frameworks";
			outputPaths = (
				"${TARGET_BUILD_DIR}/${FRAMEWORKS_FOLDER_PATH}/Masonry.framework",
				"${TARGET_BUILD_DIR}/${FRAMEWORKS_FOLDER_PATH}/PoporFoundation.framework",
				"${TARGET_BUILD_DIR}/${FRAMEWORKS_FOLDER_PATH}/PoporVideoTool.framework",
				"${TARGET_BUILD_DIR}/${FRAMEWORKS_FOLDER_PATH}/ReactiveObjC.framework",
			);
			runOnlyForDeploymentPostprocessing = 0;
			shellPath = /bin/sh;
			shellScript = "\"${PODS_ROOT}/Target Support Files/Pods-PvtMac/Pods-PvtMac-frameworks.sh\"\n";
			showEnvVarsInLog = 0;
		};
/* End PBXShellScriptBuildPhase section */

/* Begin PBXSourcesBuildPhase section */
		6003F586195388D20070C39A /* Sources */ = {
			isa = PBXSourcesBuildPhase;
			buildActionMask = 2147483647;
			files = (
				6003F59E195388D20070C39A /* DemoAppDelegate.m in Sources */,
				6003F5A7195388D20070C39A /* DemoVC.m in Sources */,
				6003F59A195388D20070C39A /* main.m in Sources */,
			);
			runOnlyForDeploymentPostprocessing = 0;
		};
		C3EDE9DF25C5103500FAC920 /* Sources */ = {
			isa = PBXSourcesBuildPhase;
			buildActionMask = 2147483647;
			files = (
				C3B7DAEB25C942460054CCAD /* iToast.m in Sources */,
				C3EDEBB825C5435D00FAC920 /* RootVC.m in Sources */,
				C34232D125CA524D004EB95B /* MRouterConfig.m in Sources */,
				C34232D225CA524D004EB95B /* MRouterUrlPrefix.m in Sources */,
				C3EDE9F225C5103700FAC920 /* main.m in Sources */,
				C3EDEBDC25C54FAC00FAC920 /* VideoEntity.m in Sources */,
				C3B7DAEC25C942460054CCAD /* NSTask+shell.m in Sources */,
				C342332025CA8114004EB95B /* AcceptDragFileView.m in Sources */,
				C39B79BC25CE2DAA0023E9AE /* AppKeepFront.m in Sources */,
				C34232D725CA5316004EB95B /* MGJRouter.m in Sources */,
				C3B7DAF625C951450054CCAD /* NSFont+pSize.m in Sources */,
				C3EDE9E725C5103500FAC920 /* AppDelegate.m in Sources */,
				C3EDEBB925C5435D00FAC920 /* RootVCInteractor.m in Sources */,
				C3EDEBBA25C5435D00FAC920 /* RootVCPresenter.m in Sources */,
				C3B7DAEA25C942460054CCAD /* NSBundle+Tool.m in Sources */,
				C3EDEBF125C5563D00FAC920 /* EditableTextField.m in Sources */,
			);
			runOnlyForDeploymentPostprocessing = 0;
		};
/* End PBXSourcesBuildPhase section */

/* Begin PBXVariantGroup section */
		6003F596195388D20070C39A /* InfoPlist.strings */ = {
			isa = PBXVariantGroup;
			children = (
				6003F597195388D20070C39A /* en */,
			);
			name = InfoPlist.strings;
			sourceTree = "<group>";
		};
		71719F9D1E33DC2100824A3D /* LaunchScreen.storyboard */ = {
			isa = PBXVariantGroup;
			children = (
				71719F9E1E33DC2100824A3D /* Base */,
			);
			name = LaunchScreen.storyboard;
			sourceTree = "<group>";
		};
		C3EDE9ED25C5103700FAC920 /* Main.storyboard */ = {
			isa = PBXVariantGroup;
			children = (
				C3EDE9EE25C5103700FAC920 /* Base */,
			);
			name = Main.storyboard;
			sourceTree = "<group>";
		};
/* End PBXVariantGroup section */

/* Begin XCBuildConfiguration section */
		6003F5BD195388D20070C39A /* Debug */ = {
			isa = XCBuildConfiguration;
			buildSettings = {
				ALWAYS_SEARCH_USER_PATHS = NO;
				CLANG_CXX_LANGUAGE_STANDARD = "gnu++0x";
				CLANG_CXX_LIBRARY = "libc++";
				CLANG_ENABLE_MODULES = YES;
				CLANG_ENABLE_OBJC_ARC = YES;
				CLANG_WARN_BOOL_CONVERSION = YES;
				CLANG_WARN_CONSTANT_CONVERSION = YES;
				CLANG_WARN_DIRECT_OBJC_ISA_USAGE = YES_ERROR;
				CLANG_WARN_EMPTY_BODY = YES;
				CLANG_WARN_ENUM_CONVERSION = YES;
				CLANG_WARN_INT_CONVERSION = YES;
				CLANG_WARN_OBJC_ROOT_CLASS = YES_ERROR;
				CLANG_WARN__DUPLICATE_METHOD_MATCH = YES;
				"CODE_SIGN_IDENTITY[sdk=iphoneos*]" = "iPhone Developer";
				COPY_PHASE_STRIP = NO;
				ENABLE_TESTABILITY = YES;
				GCC_C_LANGUAGE_STANDARD = gnu99;
				GCC_DYNAMIC_NO_PIC = NO;
				GCC_OPTIMIZATION_LEVEL = 0;
				GCC_PREPROCESSOR_DEFINITIONS = (
					"DEBUG=1",
					"$(inherited)",
				);
				GCC_SYMBOLS_PRIVATE_EXTERN = NO;
				GCC_WARN_64_TO_32_BIT_CONVERSION = YES;
				GCC_WARN_ABOUT_RETURN_TYPE = YES_ERROR;
				GCC_WARN_UNDECLARED_SELECTOR = YES;
				GCC_WARN_UNINITIALIZED_AUTOS = YES_AGGRESSIVE;
				GCC_WARN_UNUSED_FUNCTION = YES;
				GCC_WARN_UNUSED_VARIABLE = YES;
				IPHONEOS_DEPLOYMENT_TARGET = 9.3;
				ONLY_ACTIVE_ARCH = YES;
				SDKROOT = iphoneos;
				TARGETED_DEVICE_FAMILY = "1,2";
			};
			name = Debug;
		};
		6003F5BE195388D20070C39A /* Release */ = {
			isa = XCBuildConfiguration;
			buildSettings = {
				ALWAYS_SEARCH_USER_PATHS = NO;
				CLANG_CXX_LANGUAGE_STANDARD = "gnu++0x";
				CLANG_CXX_LIBRARY = "libc++";
				CLANG_ENABLE_MODULES = YES;
				CLANG_ENABLE_OBJC_ARC = YES;
				CLANG_WARN_BOOL_CONVERSION = YES;
				CLANG_WARN_CONSTANT_CONVERSION = YES;
				CLANG_WARN_DIRECT_OBJC_ISA_USAGE = YES_ERROR;
				CLANG_WARN_EMPTY_BODY = YES;
				CLANG_WARN_ENUM_CONVERSION = YES;
				CLANG_WARN_INT_CONVERSION = YES;
				CLANG_WARN_OBJC_ROOT_CLASS = YES_ERROR;
				CLANG_WARN__DUPLICATE_METHOD_MATCH = YES;
				"CODE_SIGN_IDENTITY[sdk=iphoneos*]" = "iPhone Developer";
				COPY_PHASE_STRIP = YES;
				ENABLE_NS_ASSERTIONS = NO;
				GCC_C_LANGUAGE_STANDARD = gnu99;
				GCC_WARN_64_TO_32_BIT_CONVERSION = YES;
				GCC_WARN_ABOUT_RETURN_TYPE = YES_ERROR;
				GCC_WARN_UNDECLARED_SELECTOR = YES;
				GCC_WARN_UNINITIALIZED_AUTOS = YES_AGGRESSIVE;
				GCC_WARN_UNUSED_FUNCTION = YES;
				GCC_WARN_UNUSED_VARIABLE = YES;
				IPHONEOS_DEPLOYMENT_TARGET = 9.3;
				SDKROOT = iphoneos;
				TARGETED_DEVICE_FAMILY = "1,2";
				VALIDATE_PRODUCT = YES;
			};
			name = Release;
		};
		6003F5C0195388D20070C39A /* Debug */ = {
			isa = XCBuildConfiguration;
			baseConfigurationReference = A92DF0BC48E3127F3D66C522 /* Pods-PoporVideoTool_Example.debug.xcconfig */;
			buildSettings = {
				ASSETCATALOG_COMPILER_APPICON_NAME = AppIcon;
				DEVELOPMENT_TEAM = 7DUQZP3WD7;
				GCC_PRECOMPILE_PREFIX_HEADER = YES;
				GCC_PREFIX_HEADER = "PoporVideoTool/PoporVideoTool-Prefix.pch";
				INFOPLIST_FILE = "PoporVideoTool/PoporVideoTool-Info.plist";
				MODULE_NAME = ExampleApp;
				PRODUCT_BUNDLE_IDENTIFIER = com.xyeduzj.test;
				PRODUCT_NAME = "$(TARGET_NAME)";
				SWIFT_VERSION = 4.0;
				WRAPPER_EXTENSION = app;
			};
			name = Debug;
		};
		6003F5C1195388D20070C39A /* Release */ = {
			isa = XCBuildConfiguration;
			baseConfigurationReference = 4141ADF0230E884D828C0C65 /* Pods-PoporVideoTool_Example.release.xcconfig */;
			buildSettings = {
				ASSETCATALOG_COMPILER_APPICON_NAME = AppIcon;
				DEVELOPMENT_TEAM = 7DUQZP3WD7;
				GCC_PRECOMPILE_PREFIX_HEADER = YES;
				GCC_PREFIX_HEADER = "PoporVideoTool/PoporVideoTool-Prefix.pch";
				INFOPLIST_FILE = "PoporVideoTool/PoporVideoTool-Info.plist";
				MODULE_NAME = ExampleApp;
				PRODUCT_BUNDLE_IDENTIFIER = com.xyeduzj.test;
				PRODUCT_NAME = "$(TARGET_NAME)";
				SWIFT_VERSION = 4.0;
				WRAPPER_EXTENSION = app;
			};
			name = Release;
		};
		C3EDEA0B25C5103700FAC920 /* Debug */ = {
			isa = XCBuildConfiguration;
			baseConfigurationReference = 37033E94E82CD2378FA899CB /* Pods-PvtMac.debug.xcconfig */;
			buildSettings = {
				ASSETCATALOG_COMPILER_APPICON_NAME = AppIcon;
				ASSETCATALOG_COMPILER_GLOBAL_ACCENT_COLOR_NAME = AccentColor;
				CLANG_ANALYZER_NONNULL = YES;
				CLANG_ANALYZER_NUMBER_OBJECT_CONVERSION = YES_AGGRESSIVE;
				CLANG_CXX_LANGUAGE_STANDARD = "gnu++14";
				CLANG_ENABLE_OBJC_WEAK = YES;
				CLANG_WARN_BLOCK_CAPTURE_AUTORELEASING = YES;
				CLANG_WARN_COMMA = YES;
				CLANG_WARN_DEPRECATED_OBJC_IMPLEMENTATIONS = YES;
				CLANG_WARN_DOCUMENTATION_COMMENTS = YES;
				CLANG_WARN_INFINITE_RECURSION = YES;
				CLANG_WARN_NON_LITERAL_NULL_CONVERSION = YES;
				CLANG_WARN_OBJC_IMPLICIT_RETAIN_SELF = YES;
				CLANG_WARN_OBJC_LITERAL_CONVERSION = YES;
				CLANG_WARN_QUOTED_INCLUDE_IN_FRAMEWORK_HEADER = YES;
				CLANG_WARN_RANGE_LOOP_ANALYSIS = YES;
				CLANG_WARN_STRICT_PROTOTYPES = YES;
				CLANG_WARN_SUSPICIOUS_MOVE = YES;
				CLANG_WARN_UNGUARDED_AVAILABILITY = YES_AGGRESSIVE;
				CLANG_WARN_UNREACHABLE_CODE = YES;
				CODE_SIGN_ENTITLEMENTS = PvtMac/PvtMac.entitlements;
				CODE_SIGN_STYLE = Automatic;
				COMBINE_HIDPI_IMAGES = YES;
				CURRENT_PROJECT_VERSION = 3;
				DEBUG_INFORMATION_FORMAT = dwarf;
				DEVELOPMENT_TEAM = 5TP98E5R7H;
				ENABLE_HARDENED_RUNTIME = YES;
				ENABLE_STRICT_OBJC_MSGSEND = YES;
				GCC_C_LANGUAGE_STANDARD = gnu11;
				GCC_NO_COMMON_BLOCKS = YES;
				GCC_PREFIX_HEADER = "PvtMac/app-prefix.h";
				INFOPLIST_FILE = PvtMac/Info.plist;
				LD_RUNPATH_SEARCH_PATHS = "$(inherited) @executable_path/../Frameworks";
				MACOSX_DEPLOYMENT_TARGET = 10.15;
				MARKETING_VERSION = 1.1;
				MTL_ENABLE_DEBUG_INFO = INCLUDE_SOURCE;
				MTL_FAST_MATH = YES;
				PRODUCT_BUNDLE_IDENTIFIER = com.popor.PvtMac;
				PRODUCT_NAME = "$(TARGET_NAME)";
				SDKROOT = macosx;
			};
			name = Debug;
		};
		C3EDEA0C25C5103700FAC920 /* Release */ = {
			isa = XCBuildConfiguration;
			baseConfigurationReference = B0FDF8986B256FAC11DAF536 /* Pods-PvtMac.release.xcconfig */;
			buildSettings = {
				ASSETCATALOG_COMPILER_APPICON_NAME = AppIcon;
				ASSETCATALOG_COMPILER_GLOBAL_ACCENT_COLOR_NAME = AccentColor;
				CLANG_ANALYZER_NONNULL = YES;
				CLANG_ANALYZER_NUMBER_OBJECT_CONVERSION = YES_AGGRESSIVE;
				CLANG_CXX_LANGUAGE_STANDARD = "gnu++14";
				CLANG_ENABLE_OBJC_WEAK = YES;
				CLANG_WARN_BLOCK_CAPTURE_AUTORELEASING = YES;
				CLANG_WARN_COMMA = YES;
				CLANG_WARN_DEPRECATED_OBJC_IMPLEMENTATIONS = YES;
				CLANG_WARN_DOCUMENTATION_COMMENTS = YES;
				CLANG_WARN_INFINITE_RECURSION = YES;
				CLANG_WARN_NON_LITERAL_NULL_CONVERSION = YES;
				CLANG_WARN_OBJC_IMPLICIT_RETAIN_SELF = YES;
				CLANG_WARN_OBJC_LITERAL_CONVERSION = YES;
				CLANG_WARN_QUOTED_INCLUDE_IN_FRAMEWORK_HEADER = YES;
				CLANG_WARN_RANGE_LOOP_ANALYSIS = YES;
				CLANG_WARN_STRICT_PROTOTYPES = YES;
				CLANG_WARN_SUSPICIOUS_MOVE = YES;
				CLANG_WARN_UNGUARDED_AVAILABILITY = YES_AGGRESSIVE;
				CLANG_WARN_UNREACHABLE_CODE = YES;
				CODE_SIGN_ENTITLEMENTS = PvtMac/PvtMac.entitlements;
				CODE_SIGN_STYLE = Automatic;
				COMBINE_HIDPI_IMAGES = YES;
				COPY_PHASE_STRIP = NO;
				CURRENT_PROJECT_VERSION = 3;
				DEBUG_INFORMATION_FORMAT = "dwarf-with-dsym";
				DEVELOPMENT_TEAM = 5TP98E5R7H;
				ENABLE_HARDENED_RUNTIME = YES;
				ENABLE_STRICT_OBJC_MSGSEND = YES;
				GCC_C_LANGUAGE_STANDARD = gnu11;
				GCC_NO_COMMON_BLOCKS = YES;
				GCC_PREFIX_HEADER = "PvtMac/app-prefix.h";
				INFOPLIST_FILE = PvtMac/Info.plist;
				LD_RUNPATH_SEARCH_PATHS = "$(inherited) @executable_path/../Frameworks";
				MACOSX_DEPLOYMENT_TARGET = 10.15;
				MARKETING_VERSION = 1.1;
				MTL_ENABLE_DEBUG_INFO = NO;
				MTL_FAST_MATH = YES;
				PRODUCT_BUNDLE_IDENTIFIER = com.popor.PvtMac;
				PRODUCT_NAME = "$(TARGET_NAME)";
				SDKROOT = macosx;
			};
			name = Release;
		};
/* End XCBuildConfiguration section */

/* Begin XCConfigurationList section */
		6003F585195388D10070C39A /* Build configuration list for PBXProject "PoporVideoTool" */ = {
			isa = XCConfigurationList;
			buildConfigurations = (
				6003F5BD195388D20070C39A /* Debug */,
				6003F5BE195388D20070C39A /* Release */,
			);
			defaultConfigurationIsVisible = 0;
			defaultConfigurationName = Release;
		};
		6003F5BF195388D20070C39A /* Build configuration list for PBXNativeTarget "PoporVideoTool_Example" */ = {
			isa = XCConfigurationList;
			buildConfigurations = (
				6003F5C0195388D20070C39A /* Debug */,
				6003F5C1195388D20070C39A /* Release */,
			);
			defaultConfigurationIsVisible = 0;
			defaultConfigurationName = Release;
		};
		C3EDEA0A25C5103700FAC920 /* Build configuration list for PBXNativeTarget "PvtMac" */ = {
			isa = XCConfigurationList;
			buildConfigurations = (
				C3EDEA0B25C5103700FAC920 /* Debug */,
				C3EDEA0C25C5103700FAC920 /* Release */,
			);
			defaultConfigurationIsVisible = 0;
			defaultConfigurationName = Release;
		};
/* End XCConfigurationList section */
	};
	rootObject = 6003F582195388D10070C39A /* Project object */;
}
